
Microsoft Visual Studio Solution File, Format Version 12.00
# Visual Studio 15
VisualStudioVersion = 15.0.27703.2042
MinimumVisualStudioVersion = 10.0.40219.1
Project("{FAE04EC0-301F-11D3-BF4B-00C04F79EFBC}") = "JBApp", "JBApp\JBApp.csproj", "{8BCBB112-7F0A-45C9-B293-F620392F41DA}"
EndProject
Project("{FAE04EC0-301F-11D3-BF4B-00C04F79EFBC}") = "JBApp.UnitTest", "JBApp.UnitTest\JBApp.UnitTest.csproj", "{A4C82CD3-D21A-451F-8C8E-AF9B3C6980C4}"
EndProject
Global
	GlobalSection(SolutionConfigurationPlatforms) = preSolution
		Debug|Any CPU = Debug|Any CPU
		Release|Any CPU = Release|Any CPU
	EndGlobalSection
	GlobalSection(ProjectConfigurationPlatforms) = postSolution
		{8BCBB112-7F0A-45C9-B293-F620392F41DA}.Debug|Any CPU.ActiveCfg = Debug|Any CPU
		{8BCBB112-7F0A-45C9-B293-F620392F41DA}.Debug|Any CPU.Build.0 = Debug|Any CPU
		{8BCBB112-7F0A-45C9-B293-F620392F41DA}.Release|Any CPU.ActiveCfg = Release|Any CPU
		{8BCBB112-7F0A-45C9-B293-F620392F41DA}.Release|Any CPU.Build.0 = Release|Any CPU
		{A4C82CD3-D21A-451F-8C8E-AF9B3C6980C4}.Debug|Any CPU.ActiveCfg = Debug|Any CPU
		{A4C82CD3-D21A-451F-8C8E-AF9B3C6980C4}.Debug|Any CPU.Build.0 = Debug|Any CPU
		{A4C82CD3-D21A-451F-8C8E-AF9B3C6980C4}.Release|Any CPU.ActiveCfg = Release|Any CPU
		{A4C82CD3-D21A-451F-8C8E-AF9B3C6980C4}.Release|Any CPU.Build.0 = Release|Any CPU
	EndGlobalSection
	GlobalSection(SolutionProperties) = preSolution
		HideSolutionNode = FALSE
	EndGlobalSection
	GlobalSection(ExtensibilityGlobals) = postSolution
		SolutionGuid = {E9F443A9-77E3-47D4-8BDB-973163FB0BB4}
	EndGlobalSection
EndGlobal
